{
  "nodes": {
    "nixpkgs": {
      "locked": {
        "lastModified": 1762511465,
        "narHash": "sha256-9U/5vEE3NPJNTkSmQ6hKI8iOcwTDDAP3ChBwEohAdHg=",
        "owner": "NixOS",
        "repo": "nixpkgs",
        "rev": "8660acf86a1f5a14dacf049f9a5b8aff143e9111",
        "type": "github"
      },
      "original": {
        "owner": "NixOS",
        "ref": "release-25.05",
        "repo": "nixpkgs",
        "type": "github"
      }
    },
    "root": {
      "inputs": {
        "nixpkgs": "nixpkgs"
      }
    }
  },
  "root": "root",
  "version": 7
}
